{
  "version": 4,
  "terraform_version": "1.6.4",
  "serial": 318,
  "lineage": "7ce491d7-31bd-1a9f-0b22-c1dc77887091",
  "outputs": {},
  "resources": [
    {
      "mode": "managed",
      "type": "ncloud_access_control_group",
      "name": "db_acg",
      "provider": "provider[\"registry.terraform.io/navercloudplatform/ncloud\"]",
      "instances": [
        {
          "schema_version": 0,
          "attributes": {
            "access_control_group_no": "141869",
            "description": "db_acg",
            "id": "141869",
            "is_default": false,
            "name": "flirdog-db-acl",
            "vpc_no": "50801"
          },
          "sensitive_attributes": [],
          "private": "bnVsbA==",
          "dependencies": [
            "ncloud_vpc.vpc"
          ]
        }
      ]
    },
    {
      "mode": "managed",
      "type": "ncloud_access_control_group",
      "name": "dp_acg",
      "provider": "provider[\"registry.terraform.io/navercloudplatform/ncloud\"]",
      "instances": [
        {
          "schema_version": 0,
          "attributes": {
            "access_control_group_no": "141871",
            "description": "dp_acg",
            "id": "141871",
            "is_default": false,
            "name": "flirdog-dp-acl",
            "vpc_no": "50801"
          },
          "sensitive_attributes": [],
          "private": "bnVsbA==",
          "dependencies": [
            "ncloud_vpc.vpc"
          ]
        }
      ]
    },
    {
      "mode": "managed",
      "type": "ncloud_access_control_group",
      "name": "lb_acg",
      "provider": "provider[\"registry.terraform.io/navercloudplatform/ncloud\"]",
      "instances": [
        {
          "schema_version": 0,
          "attributes": {
            "access_control_group_no": "141872",
            "description": "lb_acg",
            "id": "141872",
            "is_default": false,
            "name": "flirdog-lb-acl",
            "vpc_no": "50801"
          },
          "sensitive_attributes": [],
          "private": "bnVsbA==",
          "dependencies": [
            "ncloud_vpc.vpc"
          ]
        }
      ]
    },
    {
      "mode": "managed",
      "type": "ncloud_access_control_group",
      "name": "was_acg",
      "provider": "provider[\"registry.terraform.io/navercloudplatform/ncloud\"]",
      "instances": [
        {
          "schema_version": 0,
          "attributes": {
            "access_control_group_no": "141870",
            "description": "was_acg",
            "id": "141870",
            "is_default": false,
            "name": "flirdog-was-acl",
            "vpc_no": "50801"
          },
          "sensitive_attributes": [],
          "private": "bnVsbA==",
          "dependencies": [
            "ncloud_vpc.vpc"
          ]
        }
      ]
    },
    {
      "mode": "managed",
      "type": "ncloud_access_control_group_rule",
      "name": "db_acg_rule",
      "provider": "provider[\"registry.terraform.io/navercloudplatform/ncloud\"]",
      "instances": [
        {
          "schema_version": 0,
          "attributes": {
            "access_control_group_no": "141869",
            "id": "141869",
            "inbound": [
              {
                "description": "accept DP",
                "ip_block": "10.0.3.0/24",
                "port_range": "1-65535",
                "protocol": "TCP",
                "source_access_control_group_no": ""
              },
              {
                "description": "accept WAS",
                "ip_block": "10.0.1.0/24",
                "port_range": "1-65535",
                "protocol": "TCP",
                "source_access_control_group_no": ""
              }
            ],
            "outbound": [
              {
                "description": "accept DP",
                "ip_block": "10.0.3.0/24",
                "port_range": "1-65535",
                "protocol": "TCP",
                "source_access_control_group_no": ""
              },
              {
                "description": "accept WAS",
                "ip_block": "10.0.1.0/24",
                "port_range": "1-65535",
                "protocol": "TCP",
                "source_access_control_group_no": ""
              }
            ],
            "timeouts": null
          },
          "sensitive_attributes": [],
          "private": "eyJlMmJmYjczMC1lY2FhLTExZTYtOGY4OC0zNDM2M2JjN2M0YzAiOnsiY3JlYXRlIjozNjAwMDAwMDAwMDAwLCJkZWxldGUiOjMwMDAwMDAwMDAwMCwidXBkYXRlIjo2MDAwMDAwMDAwMDB9fQ==",
          "dependencies": [
            "ncloud_access_control_group.db_acg",
            "ncloud_vpc.vpc"
          ]
        }
      ]
    },
    {
      "mode": "managed",
      "type": "ncloud_access_control_group_rule",
      "name": "dp_acg_rule",
      "provider": "provider[\"registry.terraform.io/navercloudplatform/ncloud\"]",
      "instances": [
        {
          "schema_version": 0,
          "attributes": {
            "access_control_group_no": "141871",
            "id": "141871",
            "inbound": [
              {
                "description": "accept DB",
                "ip_block": "10.0.2.0/24",
                "port_range": "1-65535",
                "protocol": "TCP",
                "source_access_control_group_no": ""
              },
              {
                "description": "accept DB",
                "ip_block": "10.0.2.0/24",
                "port_range": "1-65535",
                "protocol": "UDP",
                "source_access_control_group_no": ""
              },
              {
                "description": "accept DP",
                "ip_block": "10.0.3.0/24",
                "port_range": "1-65535",
                "protocol": "TCP",
                "source_access_control_group_no": ""
              },
              {
                "description": "accept DP",
                "ip_block": "10.0.3.0/24",
                "port_range": "1-65535",
                "protocol": "UDP",
                "source_access_control_group_no": ""
              },
              {
                "description": "accept WAS",
                "ip_block": "10.0.1.0/24",
                "port_range": "1-65535",
                "protocol": "TCP",
                "source_access_control_group_no": ""
              },
              {
                "description": "accept WAS",
                "ip_block": "10.0.1.0/24",
                "port_range": "1-65535",
                "protocol": "UDP",
                "source_access_control_group_no": ""
              }
            ],
            "outbound": [
              {
                "description": "accept ANY port",
                "ip_block": "0.0.0.0/0",
                "port_range": "1-65535",
                "protocol": "TCP",
                "source_access_control_group_no": ""
              }
            ],
            "timeouts": null
          },
          "sensitive_attributes": [],
          "private": "eyJlMmJmYjczMC1lY2FhLTExZTYtOGY4OC0zNDM2M2JjN2M0YzAiOnsiY3JlYXRlIjozNjAwMDAwMDAwMDAwLCJkZWxldGUiOjMwMDAwMDAwMDAwMCwidXBkYXRlIjo2MDAwMDAwMDAwMDB9fQ==",
          "dependencies": [
            "ncloud_access_control_group.dp_acg",
            "ncloud_vpc.vpc"
          ]
        }
      ]
    },
    {
      "mode": "managed",
      "type": "ncloud_access_control_group_rule",
      "name": "lb_acg_rule",
      "provider": "provider[\"registry.terraform.io/navercloudplatform/ncloud\"]",
      "instances": [
        {
          "schema_version": 0,
          "attributes": {
            "access_control_group_no": "141872",
            "id": "141872",
            "inbound": [
              {
                "description": "accept HTTP",
                "ip_block": "0.0.0.0/0",
                "port_range": "80",
                "protocol": "TCP",
                "source_access_control_group_no": ""
              },
              {
                "description": "accept HTTPS",
                "ip_block": "0.0.0.0/0",
                "port_range": "443",
                "protocol": "TCP",
                "source_access_control_group_no": ""
              },
              {
                "description": "accept SSH",
                "ip_block": "0.0.0.0/0",
                "port_range": "22",
                "protocol": "TCP",
                "source_access_control_group_no": ""
              }
            ],
            "outbound": [
              {
                "description": "accept ANY port",
                "ip_block": "0.0.0.0/0",
                "port_range": "1-65535",
                "protocol": "TCP",
                "source_access_control_group_no": ""
              }
            ],
            "timeouts": null
          },
          "sensitive_attributes": [],
          "private": "eyJlMmJmYjczMC1lY2FhLTExZTYtOGY4OC0zNDM2M2JjN2M0YzAiOnsiY3JlYXRlIjozNjAwMDAwMDAwMDAwLCJkZWxldGUiOjMwMDAwMDAwMDAwMCwidXBkYXRlIjo2MDAwMDAwMDAwMDB9fQ==",
          "dependencies": [
            "ncloud_access_control_group.lb_acg",
            "ncloud_vpc.vpc"
          ]
        }
      ]
    },
    {
      "mode": "managed",
      "type": "ncloud_access_control_group_rule",
      "name": "was_acg_rule",
      "provider": "provider[\"registry.terraform.io/navercloudplatform/ncloud\"]",
      "instances": [
        {
          "schema_version": 0,
          "attributes": {
            "access_control_group_no": "141870",
            "id": "141870",
            "inbound": [
              {
                "description": "accept ANY port",
                "ip_block": "0.0.0.0/0",
                "port_range": "1-65535",
                "protocol": "TCP",
                "source_access_control_group_no": ""
              },
              {
                "description": "accept ANY port",
                "ip_block": "0.0.0.0/0",
                "port_range": "1-65535",
                "protocol": "UDP",
                "source_access_control_group_no": ""
              }
            ],
            "outbound": [
              {
                "description": "accept ANY port",
                "ip_block": "0.0.0.0/0",
                "port_range": "1-65535",
                "protocol": "TCP",
                "source_access_control_group_no": ""
              },
              {
                "description": "accept ANY port",
                "ip_block": "0.0.0.0/0",
                "port_range": "1-65535",
                "protocol": "UDP",
                "source_access_control_group_no": ""
              }
            ],
            "timeouts": null
          },
          "sensitive_attributes": [],
          "private": "eyJlMmJmYjczMC1lY2FhLTExZTYtOGY4OC0zNDM2M2JjN2M0YzAiOnsiY3JlYXRlIjozNjAwMDAwMDAwMDAwLCJkZWxldGUiOjMwMDAwMDAwMDAwMCwidXBkYXRlIjo2MDAwMDAwMDAwMDB9fQ==",
          "dependencies": [
            "ncloud_access_control_group.was_acg",
            "ncloud_vpc.vpc"
          ]
        }
      ]
    },
    {
      "mode": "managed",
      "type": "ncloud_init_script",
      "name": "kafka-init-script",
      "provider": "provider[\"registry.terraform.io/navercloudplatform/ncloud\"]",
      "instances": [
        {
          "schema_version": 0,
          "attributes": {
            "content": "#!/bin/bash\r\nnohup ~/confluent-7.0.1/bin/zookeeper-server-start -daemon ~/confluent-7.0.1/etc/kafka/zookeeper.properties\r\nnohup ~/confluent-7.0.1/bin/kafka-server-start -daemon ~/confluent-7.0.1/etc/kafka/server.properties\r\nnohup ~/confluent-7.0.1/bin/connect-distributed -daemon ~/confluent-7.0.1/etc/kafka/connect-distributed.properties\r\n",
            "description": "",
            "id": "62785",
            "init_script_no": "62785",
            "name": "kafka-init-script",
            "os_type": "LNX"
          },
          "sensitive_attributes": [],
          "private": "bnVsbA=="
        }
      ]
    },
    {
      "mode": "managed",
      "type": "ncloud_init_script",
      "name": "kafka-main-script",
      "provider": "provider[\"registry.terraform.io/navercloudplatform/ncloud\"]",
      "instances": [
        {
          "schema_version": 0,
          "attributes": {
            "content": "#!/bin/bash\r\nnohup ~/confluent-7.0.1/bin/zookeeper-server-start -daemon ~/confluent-7.0.1/etc/kafka/zookeeper.properties\r\nnohup ~/confluent-7.0.1/bin/kafka-server-start -daemon ~/confluent-7.0.1/etc/kafka/server.properties\r\nnohup ~/confluent-7.0.1/bin/connect-distributed -daemon ~/confluent-7.0.1/etc/kafka/connect-distributed.properties\r\n~/confluent-7.0.1/bin/kafka-topics --create --bootstrap-server 10.0.3.16:9092 --topic chat\r\n",
            "description": "",
            "id": "62784",
            "init_script_no": "62784",
            "name": "kafka-main-script",
            "os_type": "LNX"
          },
          "sensitive_attributes": [],
          "private": "bnVsbA=="
        }
      ]
    },
    {
      "mode": "managed",
      "type": "ncloud_init_script",
      "name": "was-init-script",
      "provider": "provider[\"registry.terraform.io/navercloudplatform/ncloud\"]",
      "instances": [
        {
          "schema_version": 0,
          "attributes": {
            "content": "#!/bin/bash\r\nsudo apt-get update\r\nsudo systemctl start nginx\r\n/home/flirdog_be/deploy.sh\r\n",
            "description": "",
            "id": "62467",
            "init_script_no": "62467",
            "name": "was-init-script",
            "os_type": "LNX"
          },
          "sensitive_attributes": [],
          "private": "bnVsbA=="
        }
      ]
    },
    {
      "mode": "managed",
      "type": "ncloud_lb",
      "name": "was_lb",
      "provider": "provider[\"registry.terraform.io/navercloudplatform/ncloud\"]",
      "instances": [
        {
          "schema_version": 0,
          "attributes": {
            "description": null,
            "domain": "was-lb-20612086-8644108c0d7a.kr.lb.naverncp.com",
            "id": "20612086",
            "idle_timeout": 60,
            "ip_list": [
              "223.130.148.113"
            ],
            "listener_no_list": [
              "103441",
              "103442"
            ],
            "load_balancer_no": "20612086",
            "name": "was-lb",
            "network_type": "PUBLIC",
            "subnet_no_list": [
              "113977"
            ],
            "throughput_type": "MEDIUM",
            "timeouts": null,
            "type": "APPLICATION",
            "vpc_no": "50801"
          },
          "sensitive_attributes": [],
          "private": "eyJlMmJmYjczMC1lY2FhLTExZTYtOGY4OC0zNDM2M2JjN2M0YzAiOnsiY3JlYXRlIjozNjAwMDAwMDAwMDAwLCJkZWxldGUiOjMwMDAwMDAwMDAwMCwidXBkYXRlIjo2MDAwMDAwMDAwMDB9fQ==",
          "dependencies": [
            "ncloud_network_acl.lb_nacl",
            "ncloud_subnet.ld_subnet",
            "ncloud_vpc.vpc"
          ]
        }
      ]
    },
    {
      "mode": "managed",
      "type": "ncloud_lb_listener",
      "name": "was_lb_listener_http",
      "provider": "provider[\"registry.terraform.io/navercloudplatform/ncloud\"]",
      "instances": [
        {
          "schema_version": 0,
          "attributes": {
            "id": "103442",
            "listener_no": "103442",
            "load_balancer_no": "20612086",
            "port": 80,
            "protocol": "HTTP",
            "rule_no_list": [
              "127607"
            ],
            "ssl_certificate_no": "21700",
            "target_group_no": "416003",
            "timeouts": null,
            "tls_min_version_type": null,
            "use_http2": false
          },
          "sensitive_attributes": [],
          "private": "eyJlMmJmYjczMC1lY2FhLTExZTYtOGY4OC0zNDM2M2JjN2M0YzAiOnsiY3JlYXRlIjozNjAwMDAwMDAwMDAwLCJkZWxldGUiOjMwMDAwMDAwMDAwMCwidXBkYXRlIjo2MDAwMDAwMDAwMDB9fQ==",
          "dependencies": [
            "ncloud_lb.was_lb",
            "ncloud_lb_target_group.was_lb_target_group",
            "ncloud_network_acl.lb_nacl",
            "ncloud_subnet.ld_subnet",
            "ncloud_vpc.vpc"
          ]
        }
      ]
    },
    {
      "mode": "managed",
      "type": "ncloud_lb_listener",
      "name": "was_lb_listener_https",
      "provider": "provider[\"registry.terraform.io/navercloudplatform/ncloud\"]",
      "instances": [
        {
          "schema_version": 0,
          "attributes": {
            "id": "103441",
            "listener_no": "103441",
            "load_balancer_no": "20612086",
            "port": 443,
            "protocol": "HTTPS",
            "rule_no_list": [
              "127606"
            ],
            "ssl_certificate_no": "21700",
            "target_group_no": "416003",
            "timeouts": null,
            "tls_min_version_type": null,
            "use_http2": true
          },
          "sensitive_attributes": [],
          "private": "eyJlMmJmYjczMC1lY2FhLTExZTYtOGY4OC0zNDM2M2JjN2M0YzAiOnsiY3JlYXRlIjozNjAwMDAwMDAwMDAwLCJkZWxldGUiOjMwMDAwMDAwMDAwMCwidXBkYXRlIjo2MDAwMDAwMDAwMDB9fQ==",
          "dependencies": [
            "ncloud_lb.was_lb",
            "ncloud_lb_target_group.was_lb_target_group",
            "ncloud_network_acl.lb_nacl",
            "ncloud_subnet.ld_subnet",
            "ncloud_vpc.vpc"
          ]
        }
      ]
    },
    {
      "mode": "managed",
      "type": "ncloud_lb_target_group",
      "name": "was_lb_target_group",
      "provider": "provider[\"registry.terraform.io/navercloudplatform/ncloud\"]",
      "instances": [
        {
          "schema_version": 0,
          "attributes": {
            "algorithm_type": "RR",
            "description": null,
            "health_check": [
              {
                "cycle": 30,
                "down_threshold": 2,
                "http_method": "GET",
                "port": 443,
                "protocol": "HTTPS",
                "up_threshold": 2,
                "url_path": "/"
              }
            ],
            "id": "416003",
            "load_balancer_instance_no": "20612086",
            "name": "tg18be7d75e93",
            "port": 443,
            "protocol": "HTTPS",
            "target_group_no": "416003",
            "target_no_list": [
              "20622435",
              "20622429",
              "20622432"
            ],
            "target_type": "VSVR",
            "use_proxy_protocol": false,
            "use_sticky_session": false,
            "vpc_no": "50801"
          },
          "sensitive_attributes": [],
          "private": "bnVsbA==",
          "dependencies": [
            "ncloud_vpc.vpc"
          ]
        }
      ]
    },
    {
      "mode": "managed",
      "type": "ncloud_lb_target_group_attachment",
      "name": "was_lb_target_group_attachment",
      "provider": "provider[\"registry.terraform.io/navercloudplatform/ncloud\"]",
      "instances": [
        {
          "schema_version": 0,
          "attributes": {
            "id": "2023-11-19 13:48:52.7517467 +0000 UTC",
            "target_group_no": "416003",
            "target_no_list": [
              "20622435",
              "20622429",
              "20622432"
            ],
            "timeouts": null
          },
          "sensitive_attributes": [],
          "private": "eyJlMmJmYjczMC1lY2FhLTExZTYtOGY4OC0zNDM2M2JjN2M0YzAiOnsiY3JlYXRlIjozNjAwMDAwMDAwMDAwLCJkZWxldGUiOjMwMDAwMDAwMDAwMH19",
          "dependencies": [
            "ncloud_access_control_group.was_acg",
            "ncloud_init_script.was-init-script",
            "ncloud_lb_target_group.was_lb_target_group",
            "ncloud_network_acl.was_nacl",
            "ncloud_network_interface.was_private_interface1",
            "ncloud_network_interface.was_private_interface2",
            "ncloud_network_interface.was_private_interface3",
            "ncloud_server.was_server_1",
            "ncloud_server.was_server_2",
            "ncloud_server.was_server_3",
            "ncloud_subnet.was_subnet",
            "ncloud_vpc.vpc"
          ]
        }
      ]
    },
    {
      "mode": "managed",
      "type": "ncloud_nat_gateway",
      "name": "nat_gateway",
      "provider": "provider[\"registry.terraform.io/navercloudplatform/ncloud\"]",
      "instances": [
        {
          "schema_version": 0,
          "attributes": {
            "description": "description",
            "id": "20639118",
            "name": "nat-gw",
            "nat_gateway_no": "20639118",
            "private_ip": "10.0.4.6",
            "public_ip": "110.165.17.232",
            "public_ip_no": "20639119",
            "subnet_name": "sn18bed14c627",
            "subnet_no": "114408",
            "vpc_no": "50801",
            "zone": "KR-2"
          },
          "sensitive_attributes": [],
          "private": "bnVsbA==",
          "dependencies": [
            "ncloud_network_acl.was_nacl",
            "ncloud_subnet.nat_subnet",
            "ncloud_vpc.vpc"
          ]
        }
      ]
    },
    {
      "mode": "managed",
      "type": "ncloud_network_acl",
      "name": "db_nacl",
      "provider": "provider[\"registry.terraform.io/navercloudplatform/ncloud\"]",
      "instances": [
        {
          "schema_version": 0,
          "attributes": {
            "description": "db_nacl",
            "id": "77758",
            "is_default": false,
            "name": "flirdog-db-nacl",
            "network_acl_no": "77758",
            "vpc_no": "50801"
          },
          "sensitive_attributes": [],
          "private": "bnVsbA==",
          "dependencies": [
            "ncloud_vpc.vpc"
          ]
        }
      ]
    },
    {
      "mode": "managed",
      "type": "ncloud_network_acl",
      "name": "dp_nacl",
      "provider": "provider[\"registry.terraform.io/navercloudplatform/ncloud\"]",
      "instances": [
        {
          "schema_version": 0,
          "attributes": {
            "description": "dp_nacl",
            "id": "77760",
            "is_default": false,
            "name": "flirdog-dp-nacl",
            "network_acl_no": "77760",
            "vpc_no": "50801"
          },
          "sensitive_attributes": [],
          "private": "bnVsbA==",
          "dependencies": [
            "ncloud_vpc.vpc"
          ]
        }
      ]
    },
    {
      "mode": "managed",
      "type": "ncloud_network_acl",
      "name": "lb_nacl",
      "provider": "provider[\"registry.terraform.io/navercloudplatform/ncloud\"]",
      "instances": [
        {
          "schema_version": 0,
          "attributes": {
            "description": "lb_nacl",
            "id": "77759",
            "is_default": false,
            "name": "flirdog-lb-nacl",
            "network_acl_no": "77759",
            "vpc_no": "50801"
          },
          "sensitive_attributes": [],
          "private": "bnVsbA==",
          "dependencies": [
            "ncloud_vpc.vpc"
          ]
        }
      ]
    },
    {
      "mode": "managed",
      "type": "ncloud_network_acl",
      "name": "was_nacl",
      "provider": "provider[\"registry.terraform.io/navercloudplatform/ncloud\"]",
      "instances": [
        {
          "schema_version": 0,
          "attributes": {
            "description": "was_nacl",
            "id": "77757",
            "is_default": false,
            "name": "flirdog-was-nacl",
            "network_acl_no": "77757",
            "vpc_no": "50801"
          },
          "sensitive_attributes": [],
          "private": "bnVsbA==",
          "dependencies": [
            "ncloud_vpc.vpc"
          ]
        }
      ]
    },
    {
      "mode": "managed",
      "type": "ncloud_network_acl_rule",
      "name": "db_nacl_rule",
      "provider": "provider[\"registry.terraform.io/navercloudplatform/ncloud\"]",
      "instances": [
        {
          "schema_version": 0,
          "attributes": {
            "id": "77758",
            "inbound": [
              {
                "deny_allow_group_no": "",
                "description": "DP",
                "ip_block": "10.0.3.0/24",
                "port_range": "1-65535",
                "priority": 10,
                "protocol": "TCP",
                "rule_action": "ALLOW"
              },
              {
                "deny_allow_group_no": "",
                "description": "WAS",
                "ip_block": "10.0.1.0/24",
                "port_range": "1-65535",
                "priority": 0,
                "protocol": "TCP",
                "rule_action": "ALLOW"
              }
            ],
            "network_acl_no": "77758",
            "outbound": [
              {
                "deny_allow_group_no": "",
                "description": "DP",
                "ip_block": "10.0.3.0/24",
                "port_range": "1-65535",
                "priority": 10,
                "protocol": "TCP",
                "rule_action": "ALLOW"
              },
              {
                "deny_allow_group_no": "",
                "description": "WAS",
                "ip_block": "10.0.1.0/24",
                "port_range": "1-65535",
                "priority": 0,
                "protocol": "TCP",
                "rule_action": "ALLOW"
              }
            ]
          },
          "sensitive_attributes": [],
          "private": "bnVsbA==",
          "dependencies": [
            "ncloud_network_acl.db_nacl",
            "ncloud_vpc.vpc"
          ]
        }
      ]
    },
    {
      "mode": "managed",
      "type": "ncloud_network_acl_rule",
      "name": "dp_nacl_rule",
      "provider": "provider[\"registry.terraform.io/navercloudplatform/ncloud\"]",
      "instances": [
        {
          "schema_version": 0,
          "attributes": {
            "id": "77760",
            "inbound": [
              {
                "deny_allow_group_no": "",
                "description": "DB",
                "ip_block": "10.0.2.0/24",
                "port_range": "1-65535",
                "priority": 40,
                "protocol": "UDP",
                "rule_action": "ALLOW"
              },
              {
                "deny_allow_group_no": "",
                "description": "DP",
                "ip_block": "10.0.3.0/24",
                "port_range": "1-65535",
                "priority": 50,
                "protocol": "UDP",
                "rule_action": "ALLOW"
              },
              {
                "deny_allow_group_no": "",
                "description": "WAS",
                "ip_block": "10.0.1.0/24",
                "port_range": "1-65535",
                "priority": 30,
                "protocol": "UDP",
                "rule_action": "ALLOW"
              },
              {
                "deny_allow_group_no": null,
                "description": "DB",
                "ip_block": "10.0.2.0/24",
                "port_range": "1-65535",
                "priority": 10,
                "protocol": "TCP",
                "rule_action": "ALLOW"
              },
              {
                "deny_allow_group_no": null,
                "description": "DP",
                "ip_block": "10.0.3.0/24",
                "port_range": "1-65535",
                "priority": 20,
                "protocol": "TCP",
                "rule_action": "ALLOW"
              },
              {
                "deny_allow_group_no": null,
                "description": "WAS",
                "ip_block": "10.0.1.0/24",
                "port_range": "1-65535",
                "priority": 0,
                "protocol": "TCP",
                "rule_action": "ALLOW"
              }
            ],
            "network_acl_no": "77760",
            "outbound": [
              {
                "deny_allow_group_no": "",
                "description": "DB",
                "ip_block": "10.0.2.0/24",
                "port_range": "1-65535",
                "priority": 50,
                "protocol": "UDP",
                "rule_action": "ALLOW"
              },
              {
                "deny_allow_group_no": "",
                "description": "DP",
                "ip_block": "10.0.3.0/24",
                "port_range": "1-65535",
                "priority": 60,
                "protocol": "UDP",
                "rule_action": "ALLOW"
              },
              {
                "deny_allow_group_no": "",
                "description": "WAS",
                "ip_block": "10.0.1.0/24",
                "port_range": "1-65535",
                "priority": 40,
                "protocol": "UDP",
                "rule_action": "ALLOW"
              },
              {
                "deny_allow_group_no": null,
                "description": "DB",
                "ip_block": "10.0.2.0/24",
                "port_range": "1-65535",
                "priority": 10,
                "protocol": "TCP",
                "rule_action": "ALLOW"
              },
              {
                "deny_allow_group_no": null,
                "description": "DP",
                "ip_block": "10.0.3.0/24",
                "port_range": "1-65535",
                "priority": 20,
                "protocol": "TCP",
                "rule_action": "ALLOW"
              },
              {
                "deny_allow_group_no": null,
                "description": "WAS",
                "ip_block": "10.0.1.0/24",
                "port_range": "1-65535",
                "priority": 0,
                "protocol": "TCP",
                "rule_action": "ALLOW"
              }
            ]
          },
          "sensitive_attributes": [],
          "private": "bnVsbA==",
          "dependencies": [
            "ncloud_network_acl.dp_nacl",
            "ncloud_vpc.vpc"
          ]
        }
      ]
    },
    {
      "mode": "managed",
      "type": "ncloud_network_acl_rule",
      "name": "lb_nacl_rule",
      "provider": "provider[\"registry.terraform.io/navercloudplatform/ncloud\"]",
      "instances": [
        {
          "schema_version": 0,
          "attributes": {
            "id": "77759",
            "inbound": [
              {
                "deny_allow_group_no": "",
                "description": "HTTP",
                "ip_block": "0.0.0.0/0",
                "port_range": "80",
                "priority": 10,
                "protocol": "TCP",
                "rule_action": "ALLOW"
              },
              {
                "deny_allow_group_no": "",
                "description": "HTTPS",
                "ip_block": "0.0.0.0/0",
                "port_range": "443",
                "priority": 20,
                "protocol": "TCP",
                "rule_action": "ALLOW"
              },
              {
                "deny_allow_group_no": "",
                "description": "SSH",
                "ip_block": "0.0.0.0/0",
                "port_range": "22",
                "priority": 0,
                "protocol": "TCP",
                "rule_action": "ALLOW"
              }
            ],
            "network_acl_no": "77759",
            "outbound": [
              {
                "deny_allow_group_no": "",
                "description": "ANY",
                "ip_block": "0.0.0.0/0",
                "port_range": "1-65535",
                "priority": 0,
                "protocol": "TCP",
                "rule_action": "ALLOW"
              }
            ]
          },
          "sensitive_attributes": [],
          "private": "bnVsbA==",
          "dependencies": [
            "ncloud_network_acl.lb_nacl",
            "ncloud_vpc.vpc"
          ]
        }
      ]
    },
    {
      "mode": "managed",
      "type": "ncloud_network_acl_rule",
      "name": "was_nacl_rule",
      "provider": "provider[\"registry.terraform.io/navercloudplatform/ncloud\"]",
      "instances": [
        {
          "schema_version": 0,
          "attributes": {
            "id": "77757",
            "inbound": [
              {
                "deny_allow_group_no": "",
                "description": "ANY",
                "ip_block": "0.0.0.0/0",
                "port_range": "1-65535",
                "priority": 10,
                "protocol": "UDP",
                "rule_action": "ALLOW"
              },
              {
                "deny_allow_group_no": null,
                "description": "ANY",
                "ip_block": "0.0.0.0/0",
                "port_range": "1-65535",
                "priority": 0,
                "protocol": "TCP",
                "rule_action": "ALLOW"
              }
            ],
            "network_acl_no": "77757",
            "outbound": [
              {
                "deny_allow_group_no": "",
                "description": "ANY",
                "ip_block": "0.0.0.0/0",
                "port_range": "1-65535",
                "priority": 10,
                "protocol": "UDP",
                "rule_action": "ALLOW"
              },
              {
                "deny_allow_group_no": null,
                "description": "ANY",
                "ip_block": "0.0.0.0/0",
                "port_range": "1-65535",
                "priority": 0,
                "protocol": "TCP",
                "rule_action": "ALLOW"
              }
            ]
          },
          "sensitive_attributes": [],
          "private": "bnVsbA==",
          "dependencies": [
            "ncloud_network_acl.was_nacl",
            "ncloud_vpc.vpc"
          ]
        }
      ]
    },
    {
      "mode": "managed",
      "type": "ncloud_network_interface",
      "name": "dp_connect_server_interface",
      "provider": "provider[\"registry.terraform.io/navercloudplatform/ncloud\"]",
      "instances": [
        {
          "schema_version": 0,
          "attributes": {
            "access_control_groups": [
              "141870"
            ],
            "description": "dp-connect-server-interface1",
            "id": "3568372",
            "instance_type": "VSVR",
            "is_default": true,
            "name": "dp-connect-server-interface1",
            "network_interface_no": "3568372",
            "private_ip": "10.0.1.9",
            "server_instance_no": "20635286",
            "status": "USED",
            "subnet_no": "113975"
          },
          "sensitive_attributes": [],
          "private": "bnVsbA==",
          "dependencies": [
            "ncloud_access_control_group.was_acg",
            "ncloud_network_acl.was_nacl",
            "ncloud_subnet.was_subnet",
            "ncloud_vpc.vpc"
          ]
        }
      ]
    },
    {
      "mode": "managed",
      "type": "ncloud_network_interface",
      "name": "kafka_private_interface1",
      "provider": "provider[\"registry.terraform.io/navercloudplatform/ncloud\"]",
      "instances": [
        {
          "schema_version": 0,
          "attributes": {
            "access_control_groups": [
              "141871"
            ],
            "description": "kafka-private-interface1",
            "id": "3568371",
            "instance_type": "VSVR",
            "is_default": true,
            "name": "kafka-private-interface1",
            "network_interface_no": "3568371",
            "private_ip": "10.0.3.16",
            "server_instance_no": "20655696",
            "status": "USED",
            "subnet_no": "113978"
          },
          "sensitive_attributes": [],
          "private": "bnVsbA==",
          "dependencies": [
            "ncloud_access_control_group.dp_acg",
            "ncloud_network_acl.dp_nacl",
            "ncloud_subnet.dp_subnet",
            "ncloud_vpc.vpc"
          ]
        }
      ]
    },
    {
      "mode": "managed",
      "type": "ncloud_network_interface",
      "name": "kafka_private_interface2",
      "provider": "provider[\"registry.terraform.io/navercloudplatform/ncloud\"]",
      "instances": [
        {
          "schema_version": 0,
          "attributes": {
            "access_control_groups": [
              "141871"
            ],
            "description": "kafka-private-interface2",
            "id": "3573950",
            "instance_type": "VSVR",
            "is_default": true,
            "name": "kafka-private-interface2",
            "network_interface_no": "3573950",
            "private_ip": "10.0.3.17",
            "server_instance_no": "20655702",
            "status": "USED",
            "subnet_no": "113978"
          },
          "sensitive_attributes": [],
          "private": "bnVsbA==",
          "dependencies": [
            "ncloud_access_control_group.dp_acg",
            "ncloud_network_acl.dp_nacl",
            "ncloud_subnet.dp_subnet",
            "ncloud_vpc.vpc"
          ]
        }
      ]
    },
    {
      "mode": "managed",
      "type": "ncloud_network_interface",
      "name": "kafka_private_interface3",
      "provider": "provider[\"registry.terraform.io/navercloudplatform/ncloud\"]",
      "instances": [
        {
          "schema_version": 0,
          "attributes": {
            "access_control_groups": [
              "141871"
            ],
            "description": "kafka-private-interface3",
            "id": "3573949",
            "instance_type": "VSVR",
            "is_default": true,
            "name": "kafka-private-interface3",
            "network_interface_no": "3573949",
            "private_ip": "10.0.3.18",
            "server_instance_no": "20655699",
            "status": "USED",
            "subnet_no": "113978"
          },
          "sensitive_attributes": [],
          "private": "bnVsbA==",
          "dependencies": [
            "ncloud_access_control_group.dp_acg",
            "ncloud_network_acl.dp_nacl",
            "ncloud_subnet.dp_subnet",
            "ncloud_vpc.vpc"
          ]
        }
      ]
    },
    {
      "mode": "managed",
      "type": "ncloud_network_interface",
      "name": "was_private_interface1",
      "provider": "provider[\"registry.terraform.io/navercloudplatform/ncloud\"]",
      "instances": [
        {
          "schema_version": 0,
          "attributes": {
            "access_control_groups": [
              "141870"
            ],
            "description": "was-private-interface1",
            "id": "3566346",
            "instance_type": "VSVR",
            "is_default": true,
            "name": "was-private-interface1",
            "network_interface_no": "3566346",
            "private_ip": "10.0.1.6",
            "server_instance_no": "20622435",
            "status": "USED",
            "subnet_no": "113975"
          },
          "sensitive_attributes": [],
          "private": "bnVsbA==",
          "dependencies": [
            "ncloud_access_control_group.was_acg",
            "ncloud_network_acl.was_nacl",
            "ncloud_subnet.was_subnet",
            "ncloud_vpc.vpc"
          ]
        }
      ]
    },
    {
      "mode": "managed",
      "type": "ncloud_network_interface",
      "name": "was_private_interface2",
      "provider": "provider[\"registry.terraform.io/navercloudplatform/ncloud\"]",
      "instances": [
        {
          "schema_version": 0,
          "attributes": {
            "access_control_groups": [
              "141870"
            ],
            "description": "was-private-interface2",
            "id": "3566348",
            "instance_type": "VSVR",
            "is_default": true,
            "name": "was-private-interface2",
            "network_interface_no": "3566348",
            "private_ip": "10.0.1.7",
            "server_instance_no": "20622429",
            "status": "USED",
            "subnet_no": "113975"
          },
          "sensitive_attributes": [],
          "private": "bnVsbA==",
          "dependencies": [
            "ncloud_access_control_group.was_acg",
            "ncloud_network_acl.was_nacl",
            "ncloud_subnet.was_subnet",
            "ncloud_vpc.vpc"
          ]
        }
      ]
    },
    {
      "mode": "managed",
      "type": "ncloud_network_interface",
      "name": "was_private_interface3",
      "provider": "provider[\"registry.terraform.io/navercloudplatform/ncloud\"]",
      "instances": [
        {
          "schema_version": 0,
          "attributes": {
            "access_control_groups": [
              "141870"
            ],
            "description": "was-private-interface3",
            "id": "3566347",
            "instance_type": "VSVR",
            "is_default": true,
            "name": "was-private-interface3",
            "network_interface_no": "3566347",
            "private_ip": "10.0.1.8",
            "server_instance_no": "20622432",
            "status": "USED",
            "subnet_no": "113975"
          },
          "sensitive_attributes": [],
          "private": "bnVsbA==",
          "dependencies": [
            "ncloud_access_control_group.was_acg",
            "ncloud_network_acl.was_nacl",
            "ncloud_subnet.was_subnet",
            "ncloud_vpc.vpc"
          ]
        }
      ]
    },
    {
      "mode": "managed",
      "type": "ncloud_public_ip",
      "name": "dp_connect_server_public_ip",
      "provider": "provider[\"registry.terraform.io/navercloudplatform/ncloud\"]",
      "instances": [
        {
          "schema_version": 0,
          "attributes": {
            "description": "",
            "id": "20635376",
            "instance_no": "20635376",
            "internet_line_type": null,
            "kind_type": null,
            "public_ip": "223.130.146.98",
            "public_ip_no": "20635376",
            "server_instance_no": "20635286",
            "zone": null
          },
          "sensitive_attributes": [],
          "private": "bnVsbA==",
          "dependencies": [
            "ncloud_access_control_group.was_acg",
            "ncloud_init_script.was-init-script",
            "ncloud_network_acl.was_nacl",
            "ncloud_network_interface.dp_connect_server_interface",
            "ncloud_server.dp_connect_server",
            "ncloud_subnet.was_subnet",
            "ncloud_vpc.vpc"
          ]
        }
      ]
    },
    {
      "mode": "managed",
      "type": "ncloud_route",
      "name": "dp_nat_route",
      "provider": "provider[\"registry.terraform.io/navercloudplatform/ncloud\"]",
      "instances": [
        {
          "schema_version": 0,
          "attributes": {
            "destination_cidr_block": "0.0.0.0/0",
            "id": "route-2695643929",
            "is_default": false,
            "route_table_no": "107558",
            "target_name": "nat-gw",
            "target_no": "20639118",
            "target_type": "NATGW",
            "vpc_no": "50801"
          },
          "sensitive_attributes": [],
          "private": "bnVsbA==",
          "dependencies": [
            "ncloud_nat_gateway.nat_gateway",
            "ncloud_network_acl.was_nacl",
            "ncloud_route_table.nat_route_table",
            "ncloud_subnet.nat_subnet",
            "ncloud_vpc.vpc"
          ]
        }
      ]
    },
    {
      "mode": "managed",
      "type": "ncloud_route_table",
      "name": "nat_route_table",
      "provider": "provider[\"registry.terraform.io/navercloudplatform/ncloud\"]",
      "instances": [
        {
          "schema_version": 0,
          "attributes": {
            "description": "",
            "id": "107558",
            "is_default": false,
            "name": "nat-route-table",
            "route_table_no": "107558",
            "supported_subnet_type": "PRIVATE",
            "vpc_no": "50801"
          },
          "sensitive_attributes": [],
          "private": "bnVsbA==",
          "dependencies": [
            "ncloud_vpc.vpc"
          ]
        }
      ]
    },
    {
      "mode": "managed",
      "type": "ncloud_route_table_association",
      "name": "nat_route_table_subnet",
      "provider": "provider[\"registry.terraform.io/navercloudplatform/ncloud\"]",
      "instances": [
        {
          "schema_version": 0,
          "attributes": {
            "id": "107558:113978",
            "route_table_no": "107558",
            "subnet_no": "113978"
          },
          "sensitive_attributes": [],
          "private": "bnVsbA==",
          "dependencies": [
            "ncloud_network_acl.dp_nacl",
            "ncloud_route_table.nat_route_table",
            "ncloud_subnet.dp_subnet",
            "ncloud_vpc.vpc"
          ]
        }
      ]
    },
    {
      "mode": "managed",
      "type": "ncloud_server",
      "name": "dp_connect_server",
      "provider": "provider[\"registry.terraform.io/navercloudplatform/ncloud\"]",
      "instances": [
        {
          "schema_version": 0,
          "attributes": {
            "access_control_group_configuration_no_list": null,
            "base_block_storage_disk_detail_type": "SSD",
            "base_block_storage_disk_type": "NET",
            "base_block_storage_size": null,
            "cpu_count": 32,
            "description": "",
            "fee_system_type_code": null,
            "id": "20635286",
            "init_script_no": "62467",
            "instance_no": "20635286",
            "internet_line_type": null,
            "is_encrypted_base_block_storage_volume": null,
            "is_fee_charging_monitoring": null,
            "is_protect_server_termination": false,
            "login_key_name": "Mackey",
            "member_server_image_no": "20635034",
            "memory_size": 68719476736,
            "name": "dp-connect-server",
            "network_interface": [
              {
                "network_interface_no": "3568372",
                "order": 0,
                "private_ip": "10.0.1.9",
                "subnet_no": "113975"
              }
            ],
            "placement_group_no": "",
            "platform_type": "UBS64",
            "port_forwarding_external_port": null,
            "port_forwarding_internal_port": null,
            "port_forwarding_public_ip": null,
            "private_ip": null,
            "public_ip": "223.130.146.98",
            "raid_type_name": null,
            "region": null,
            "server_image_name": null,
            "server_image_product_code": "SW.VSVR.OS.LNX64.UBNTU.SVR2004.B050",
            "server_product_code": "SVR.VSVR.HICPU.C032.M064.NET.SSD.B050.G002",
            "subnet_no": "113975",
            "tag_list": [],
            "timeouts": null,
            "user_data": null,
            "vpc_no": "50801",
            "zone": "KR-2"
          },
          "sensitive_attributes": [],
          "private": "eyJlMmJmYjczMC1lY2FhLTExZTYtOGY4OC0zNDM2M2JjN2M0YzAiOnsiY3JlYXRlIjozNjAwMDAwMDAwMDAwLCJkZWxldGUiOjMwMDAwMDAwMDAwMH19",
          "dependencies": [
            "ncloud_access_control_group.was_acg",
            "ncloud_init_script.was-init-script",
            "ncloud_network_acl.was_nacl",
            "ncloud_network_interface.dp_connect_server_interface",
            "ncloud_subnet.was_subnet",
            "ncloud_vpc.vpc"
          ]
        }
      ]
    },
    {
      "mode": "managed",
      "type": "ncloud_server",
      "name": "kafka_server_1",
      "provider": "provider[\"registry.terraform.io/navercloudplatform/ncloud\"]",
      "instances": [
        {
          "schema_version": 0,
          "attributes": {
            "access_control_group_configuration_no_list": null,
            "base_block_storage_disk_detail_type": "SSD",
            "base_block_storage_disk_type": "NET",
            "base_block_storage_size": null,
            "cpu_count": 32,
            "description": "",
            "fee_system_type_code": null,
            "id": "20655696",
            "init_script_no": "62784",
            "instance_no": "20655696",
            "internet_line_type": null,
            "is_encrypted_base_block_storage_volume": null,
            "is_fee_charging_monitoring": null,
            "is_protect_server_termination": false,
            "login_key_name": "Mackey",
            "member_server_image_no": "20655426",
            "memory_size": 68719476736,
            "name": "flirdog-kafka1",
            "network_interface": [
              {
                "network_interface_no": "3568371",
                "order": 0,
                "private_ip": "10.0.3.16",
                "subnet_no": "113978"
              }
            ],
            "placement_group_no": "",
            "platform_type": "UBS64",
            "port_forwarding_external_port": null,
            "port_forwarding_internal_port": null,
            "port_forwarding_public_ip": null,
            "private_ip": null,
            "public_ip": "",
            "raid_type_name": null,
            "region": null,
            "server_image_name": null,
            "server_image_product_code": "SW.VSVR.OS.LNX64.UBNTU.SVR2004.B050",
            "server_product_code": "SVR.VSVR.HICPU.C032.M064.NET.SSD.B050.G002",
            "subnet_no": "113978",
            "tag_list": [],
            "timeouts": null,
            "user_data": null,
            "vpc_no": "50801",
            "zone": "KR-2"
          },
          "sensitive_attributes": [],
          "private": "eyJlMmJmYjczMC1lY2FhLTExZTYtOGY4OC0zNDM2M2JjN2M0YzAiOnsiY3JlYXRlIjozNjAwMDAwMDAwMDAwLCJkZWxldGUiOjMwMDAwMDAwMDAwMH19",
          "dependencies": [
            "ncloud_access_control_group.dp_acg",
            "ncloud_init_script.kafka-main-script",
            "ncloud_network_acl.dp_nacl",
            "ncloud_network_interface.kafka_private_interface1",
            "ncloud_subnet.dp_subnet",
            "ncloud_vpc.vpc"
          ]
        }
      ]
    },
    {
      "mode": "managed",
      "type": "ncloud_server",
      "name": "kafka_server_2",
      "provider": "provider[\"registry.terraform.io/navercloudplatform/ncloud\"]",
      "instances": [
        {
          "schema_version": 0,
          "attributes": {
            "access_control_group_configuration_no_list": null,
            "base_block_storage_disk_detail_type": "SSD",
            "base_block_storage_disk_type": "NET",
            "base_block_storage_size": null,
            "cpu_count": 32,
            "description": "",
            "fee_system_type_code": null,
            "id": "20655702",
            "init_script_no": "62785",
            "instance_no": "20655702",
            "internet_line_type": null,
            "is_encrypted_base_block_storage_volume": null,
            "is_fee_charging_monitoring": null,
            "is_protect_server_termination": false,
            "login_key_name": "Mackey",
            "member_server_image_no": "20655428",
            "memory_size": 68719476736,
            "name": "flirdog-kafka2",
            "network_interface": [
              {
                "network_interface_no": "3573950",
                "order": 0,
                "private_ip": "10.0.3.17",
                "subnet_no": "113978"
              }
            ],
            "placement_group_no": "",
            "platform_type": "UBS64",
            "port_forwarding_external_port": null,
            "port_forwarding_internal_port": null,
            "port_forwarding_public_ip": null,
            "private_ip": null,
            "public_ip": "",
            "raid_type_name": null,
            "region": null,
            "server_image_name": null,
            "server_image_product_code": "SW.VSVR.OS.LNX64.UBNTU.SVR2004.B050",
            "server_product_code": "SVR.VSVR.HICPU.C032.M064.NET.SSD.B050.G002",
            "subnet_no": "113978",
            "tag_list": [],
            "timeouts": null,
            "user_data": null,
            "vpc_no": "50801",
            "zone": "KR-2"
          },
          "sensitive_attributes": [],
          "private": "eyJlMmJmYjczMC1lY2FhLTExZTYtOGY4OC0zNDM2M2JjN2M0YzAiOnsiY3JlYXRlIjozNjAwMDAwMDAwMDAwLCJkZWxldGUiOjMwMDAwMDAwMDAwMH19",
          "dependencies": [
            "ncloud_access_control_group.dp_acg",
            "ncloud_init_script.kafka-init-script",
            "ncloud_network_acl.dp_nacl",
            "ncloud_network_interface.kafka_private_interface2",
            "ncloud_subnet.dp_subnet",
            "ncloud_vpc.vpc"
          ]
        }
      ]
    },
    {
      "mode": "managed",
      "type": "ncloud_server",
      "name": "kafka_server_3",
      "provider": "provider[\"registry.terraform.io/navercloudplatform/ncloud\"]",
      "instances": [
        {
          "schema_version": 0,
          "attributes": {
            "access_control_group_configuration_no_list": null,
            "base_block_storage_disk_detail_type": "SSD",
            "base_block_storage_disk_type": "NET",
            "base_block_storage_size": null,
            "cpu_count": 32,
            "description": "",
            "fee_system_type_code": null,
            "id": "20655699",
            "init_script_no": "62785",
            "instance_no": "20655699",
            "internet_line_type": null,
            "is_encrypted_base_block_storage_volume": null,
            "is_fee_charging_monitoring": null,
            "is_protect_server_termination": false,
            "login_key_name": "Mackey",
            "member_server_image_no": "20655430",
            "memory_size": 68719476736,
            "name": "flirdog-kafka3",
            "network_interface": [
              {
                "network_interface_no": "3573949",
                "order": 0,
                "private_ip": "10.0.3.18",
                "subnet_no": "113978"
              }
            ],
            "placement_group_no": "",
            "platform_type": "UBS64",
            "port_forwarding_external_port": null,
            "port_forwarding_internal_port": null,
            "port_forwarding_public_ip": null,
            "private_ip": null,
            "public_ip": "",
            "raid_type_name": null,
            "region": null,
            "server_image_name": null,
            "server_image_product_code": "SW.VSVR.OS.LNX64.UBNTU.SVR2004.B050",
            "server_product_code": "SVR.VSVR.HICPU.C032.M064.NET.SSD.B050.G002",
            "subnet_no": "113978",
            "tag_list": [],
            "timeouts": null,
            "user_data": null,
            "vpc_no": "50801",
            "zone": "KR-2"
          },
          "sensitive_attributes": [],
          "private": "eyJlMmJmYjczMC1lY2FhLTExZTYtOGY4OC0zNDM2M2JjN2M0YzAiOnsiY3JlYXRlIjozNjAwMDAwMDAwMDAwLCJkZWxldGUiOjMwMDAwMDAwMDAwMH19",
          "dependencies": [
            "ncloud_access_control_group.dp_acg",
            "ncloud_init_script.kafka-init-script",
            "ncloud_network_acl.dp_nacl",
            "ncloud_network_interface.kafka_private_interface3",
            "ncloud_subnet.dp_subnet",
            "ncloud_vpc.vpc"
          ]
        }
      ]
    },
    {
      "mode": "managed",
      "type": "ncloud_server",
      "name": "was_server_1",
      "provider": "provider[\"registry.terraform.io/navercloudplatform/ncloud\"]",
      "instances": [
        {
          "schema_version": 0,
          "attributes": {
            "access_control_group_configuration_no_list": null,
            "base_block_storage_disk_detail_type": "SSD",
            "base_block_storage_disk_type": "NET",
            "base_block_storage_size": null,
            "cpu_count": 32,
            "description": "",
            "fee_system_type_code": null,
            "id": "20622435",
            "init_script_no": "62467",
            "instance_no": "20622435",
            "internet_line_type": null,
            "is_encrypted_base_block_storage_volume": null,
            "is_fee_charging_monitoring": null,
            "is_protect_server_termination": false,
            "login_key_name": "Mackey",
            "member_server_image_no": "20610398",
            "memory_size": 137438953472,
            "name": "flirdog-was1",
            "network_interface": [
              {
                "network_interface_no": "3566346",
                "order": 0,
                "private_ip": "10.0.1.6",
                "subnet_no": "113975"
              }
            ],
            "placement_group_no": "",
            "platform_type": "UBS64",
            "port_forwarding_external_port": null,
            "port_forwarding_internal_port": null,
            "port_forwarding_public_ip": null,
            "private_ip": null,
            "public_ip": "",
            "raid_type_name": null,
            "region": null,
            "server_image_name": null,
            "server_image_product_code": "SW.VSVR.OS.LNX64.UBNTU.SVR2004.B050",
            "server_product_code": "SVR.VSVR.STAND.C032.M128.NET.SSD.B050.G002",
            "subnet_no": "113975",
            "tag_list": [],
            "timeouts": null,
            "user_data": null,
            "vpc_no": "50801",
            "zone": "KR-2"
          },
          "sensitive_attributes": [],
          "private": "eyJlMmJmYjczMC1lY2FhLTExZTYtOGY4OC0zNDM2M2JjN2M0YzAiOnsiY3JlYXRlIjozNjAwMDAwMDAwMDAwLCJkZWxldGUiOjMwMDAwMDAwMDAwMH19",
          "dependencies": [
            "ncloud_access_control_group.was_acg",
            "ncloud_init_script.was-init-script",
            "ncloud_network_acl.was_nacl",
            "ncloud_network_interface.was_private_interface1",
            "ncloud_subnet.was_subnet",
            "ncloud_vpc.vpc"
          ]
        }
      ]
    },
    {
      "mode": "managed",
      "type": "ncloud_server",
      "name": "was_server_2",
      "provider": "provider[\"registry.terraform.io/navercloudplatform/ncloud\"]",
      "instances": [
        {
          "schema_version": 0,
          "attributes": {
            "access_control_group_configuration_no_list": null,
            "base_block_storage_disk_detail_type": "SSD",
            "base_block_storage_disk_type": "NET",
            "base_block_storage_size": null,
            "cpu_count": 32,
            "description": "",
            "fee_system_type_code": null,
            "id": "20622429",
            "init_script_no": "62467",
            "instance_no": "20622429",
            "internet_line_type": null,
            "is_encrypted_base_block_storage_volume": null,
            "is_fee_charging_monitoring": null,
            "is_protect_server_termination": false,
            "login_key_name": "Mackey",
            "member_server_image_no": "20610398",
            "memory_size": 137438953472,
            "name": "flirdog-was2",
            "network_interface": [
              {
                "network_interface_no": "3566348",
                "order": 0,
                "private_ip": "10.0.1.7",
                "subnet_no": "113975"
              }
            ],
            "placement_group_no": "",
            "platform_type": "UBS64",
            "port_forwarding_external_port": null,
            "port_forwarding_internal_port": null,
            "port_forwarding_public_ip": null,
            "private_ip": null,
            "public_ip": "",
            "raid_type_name": null,
            "region": null,
            "server_image_name": null,
            "server_image_product_code": "SW.VSVR.OS.LNX64.UBNTU.SVR2004.B050",
            "server_product_code": "SVR.VSVR.STAND.C032.M128.NET.SSD.B050.G002",
            "subnet_no": "113975",
            "tag_list": [],
            "timeouts": null,
            "user_data": null,
            "vpc_no": "50801",
            "zone": "KR-2"
          },
          "sensitive_attributes": [],
          "private": "eyJlMmJmYjczMC1lY2FhLTExZTYtOGY4OC0zNDM2M2JjN2M0YzAiOnsiY3JlYXRlIjozNjAwMDAwMDAwMDAwLCJkZWxldGUiOjMwMDAwMDAwMDAwMH19",
          "dependencies": [
            "ncloud_access_control_group.was_acg",
            "ncloud_init_script.was-init-script",
            "ncloud_network_acl.was_nacl",
            "ncloud_network_interface.was_private_interface2",
            "ncloud_subnet.was_subnet",
            "ncloud_vpc.vpc"
          ]
        }
      ]
    },
    {
      "mode": "managed",
      "type": "ncloud_server",
      "name": "was_server_3",
      "provider": "provider[\"registry.terraform.io/navercloudplatform/ncloud\"]",
      "instances": [
        {
          "schema_version": 0,
          "attributes": {
            "access_control_group_configuration_no_list": null,
            "base_block_storage_disk_detail_type": "SSD",
            "base_block_storage_disk_type": "NET",
            "base_block_storage_size": null,
            "cpu_count": 32,
            "description": "",
            "fee_system_type_code": null,
            "id": "20622432",
            "init_script_no": "62467",
            "instance_no": "20622432",
            "internet_line_type": null,
            "is_encrypted_base_block_storage_volume": null,
            "is_fee_charging_monitoring": null,
            "is_protect_server_termination": false,
            "login_key_name": "Mackey",
            "member_server_image_no": "20610398",
            "memory_size": 137438953472,
            "name": "flirdog-was3",
            "network_interface": [
              {
                "network_interface_no": "3566347",
                "order": 0,
                "private_ip": "10.0.1.8",
                "subnet_no": "113975"
              }
            ],
            "placement_group_no": "",
            "platform_type": "UBS64",
            "port_forwarding_external_port": null,
            "port_forwarding_internal_port": null,
            "port_forwarding_public_ip": null,
            "private_ip": null,
            "public_ip": "",
            "raid_type_name": null,
            "region": null,
            "server_image_name": null,
            "server_image_product_code": "SW.VSVR.OS.LNX64.UBNTU.SVR2004.B050",
            "server_product_code": "SVR.VSVR.STAND.C032.M128.NET.SSD.B050.G002",
            "subnet_no": "113975",
            "tag_list": [],
            "timeouts": null,
            "user_data": null,
            "vpc_no": "50801",
            "zone": "KR-2"
          },
          "sensitive_attributes": [],
          "private": "eyJlMmJmYjczMC1lY2FhLTExZTYtOGY4OC0zNDM2M2JjN2M0YzAiOnsiY3JlYXRlIjozNjAwMDAwMDAwMDAwLCJkZWxldGUiOjMwMDAwMDAwMDAwMH19",
          "dependencies": [
            "ncloud_access_control_group.was_acg",
            "ncloud_init_script.was-init-script",
            "ncloud_network_acl.was_nacl",
            "ncloud_network_interface.was_private_interface3",
            "ncloud_subnet.was_subnet",
            "ncloud_vpc.vpc"
          ]
        }
      ]
    },
    {
      "mode": "managed",
      "type": "ncloud_subnet",
      "name": "db_subnet",
      "provider": "provider[\"registry.terraform.io/navercloudplatform/ncloud\"]",
      "instances": [
        {
          "schema_version": 0,
          "attributes": {
            "id": "113976",
            "name": "flirdog-db-subnet",
            "network_acl_no": "77758",
            "subnet": "10.0.2.0/24",
            "subnet_no": "113976",
            "subnet_type": "PRIVATE",
            "usage_type": "GEN",
            "vpc_no": "50801",
            "zone": "KR-2"
          },
          "sensitive_attributes": [],
          "private": "bnVsbA==",
          "dependencies": [
            "ncloud_network_acl.db_nacl",
            "ncloud_vpc.vpc"
          ]
        }
      ]
    },
    {
      "mode": "managed",
      "type": "ncloud_subnet",
      "name": "dp_subnet",
      "provider": "provider[\"registry.terraform.io/navercloudplatform/ncloud\"]",
      "instances": [
        {
          "schema_version": 0,
          "attributes": {
            "id": "113978",
            "name": "flirdog-dp-subnet",
            "network_acl_no": "77760",
            "subnet": "10.0.3.0/24",
            "subnet_no": "113978",
            "subnet_type": "PRIVATE",
            "usage_type": "GEN",
            "vpc_no": "50801",
            "zone": "KR-2"
          },
          "sensitive_attributes": [],
          "private": "bnVsbA==",
          "dependencies": [
            "ncloud_network_acl.dp_nacl",
            "ncloud_vpc.vpc"
          ]
        }
      ]
    },
    {
      "mode": "managed",
      "type": "ncloud_subnet",
      "name": "ld_subnet",
      "provider": "provider[\"registry.terraform.io/navercloudplatform/ncloud\"]",
      "instances": [
        {
          "schema_version": 0,
          "attributes": {
            "id": "113977",
            "name": "flirdog-lb-subnet",
            "network_acl_no": "77759",
            "subnet": "10.0.0.0/24",
            "subnet_no": "113977",
            "subnet_type": "PRIVATE",
            "usage_type": "LOADB",
            "vpc_no": "50801",
            "zone": "KR-2"
          },
          "sensitive_attributes": [],
          "private": "bnVsbA==",
          "dependencies": [
            "ncloud_network_acl.lb_nacl",
            "ncloud_vpc.vpc"
          ]
        }
      ]
    },
    {
      "mode": "managed",
      "type": "ncloud_subnet",
      "name": "nat_subnet",
      "provider": "provider[\"registry.terraform.io/navercloudplatform/ncloud\"]",
      "instances": [
        {
          "schema_version": 0,
          "attributes": {
            "id": "114408",
            "name": "sn18bed14c627",
            "network_acl_no": "77757",
            "subnet": "10.0.4.0/24",
            "subnet_no": "114408",
            "subnet_type": "PUBLIC",
            "usage_type": "NATGW",
            "vpc_no": "50801",
            "zone": "KR-2"
          },
          "sensitive_attributes": [],
          "private": "bnVsbA==",
          "dependencies": [
            "ncloud_network_acl.was_nacl",
            "ncloud_vpc.vpc"
          ]
        }
      ]
    },
    {
      "mode": "managed",
      "type": "ncloud_subnet",
      "name": "was_subnet",
      "provider": "provider[\"registry.terraform.io/navercloudplatform/ncloud\"]",
      "instances": [
        {
          "schema_version": 0,
          "attributes": {
            "id": "113975",
            "name": "flirdog-was-subnet",
            "network_acl_no": "77757",
            "subnet": "10.0.1.0/24",
            "subnet_no": "113975",
            "subnet_type": "PUBLIC",
            "usage_type": "GEN",
            "vpc_no": "50801",
            "zone": "KR-2"
          },
          "sensitive_attributes": [],
          "private": "bnVsbA==",
          "dependencies": [
            "ncloud_network_acl.was_nacl",
            "ncloud_vpc.vpc"
          ]
        }
      ]
    },
    {
      "mode": "managed",
      "type": "ncloud_vpc",
      "name": "vpc",
      "provider": "provider[\"registry.terraform.io/navercloudplatform/ncloud\"]",
      "instances": [
        {
          "schema_version": 0,
          "attributes": {
            "default_access_control_group_no": "141868",
            "default_network_acl_no": "77756",
            "default_private_route_table_no": "107250",
            "default_public_route_table_no": "107249",
            "id": "50801",
            "ipv4_cidr_block": "10.0.0.0/16",
            "name": "flirdog-vpc",
            "vpc_no": "50801"
          },
          "sensitive_attributes": [],
          "private": "bnVsbA=="
        }
      ]
    }
  ],
  "check_results": null
}
